# This file is automatically @generated by Cargo.
# It is not intended for manual editing.
version = 3

[[package]]
name = "iterchunks"
version = "0.1.1"

[[package]]
name = "itermore"
version = "0.3.0"
dependencies = [
 "iterchunks",
 "iterwindows",
]

[[package]]
name = "iterwindows"
version = "0.1.1"
